Microsoft Visual Studio Solution File, Format Version 12.00
# Visual Studio Version 17
VisualStudioVersion = 17.5.2.0
MinimumVisualStudioVersion = 10.0.40219.1
Project("{FAE04EC0-301F-11D3-BF4B-00C04F79EFBC}") = "LMS Project", "LMS Project.csproj", "{58757A68-43C4-9E2F-B198-DE34F7C7A75E}"
EndProject
Global
	GlobalSection(SolutionConfigurationPlatforms) = preSolution
		Debug|Any CPU = Debug|Any CPU
		Release|Any CPU = Release|Any CPU
	EndGlobalSection
	GlobalSection(ProjectConfigurationPlatforms) = postSolution
		{58757A68-43C4-9E2F-B198-DE34F7C7A75E}.Debug|Any CPU.ActiveCfg = Debug|Any CPU
		{58757A68-43C4-9E2F-B198-DE34F7C7A75E}.Debug|Any CPU.Build.0 = Debug|Any CPU
		{58757A68-43C4-9E2F-B198-DE34F7C7A75E}.Release|Any CPU.ActiveCfg = Release|Any CPU
		{58757A68-43C4-9E2F-B198-DE34F7C7A75E}.Release|Any CPU.Build.0 = Release|Any CPU
	EndGlobalSection
	GlobalSection(SolutionProperties) = preSolution
		HideSolutionNode = FALSE
	EndGlobalSection
	GlobalSection(ExtensibilityGlobals) = postSolution
		SolutionGuid = {B340C027-1976-438C-AFB3-EA2A2B9D4E3B}
	EndGlobalSection
EndGlobal
